
Microsoft Visual Studio Solution File, Format Version 12.00
# Visual Studio 15
VisualStudioVersion = 15.0.28307.489
MinimumVisualStudioVersion = 10.0.40219.1
Project("{FAE04EC0-301F-11D3-BF4B-00C04F79EFBC}") = "Cw_08", "Cw_08.csproj", "{994936C3-16E0-41EC-B72A-9C785F107786}"
EndProject
Global
	GlobalSection(SolutionConfigurationPlatforms) = preSolution
		Debug|Any CPU = Debug|Any CPU
		Release|Any CPU = Release|Any CPU
	EndGlobalSection
	GlobalSection(ProjectConfigurationPlatforms) = postSolution
		{994936C3-16E0-41EC-B72A-9C785F107786}.Debug|Any CPU.ActiveCfg = Debug|Any CPU
		{994936C3-16E0-41EC-B72A-9C785F107786}.Debug|Any CPU.Build.0 = Debug|Any CPU
		{994936C3-16E0-41EC-B72A-9C785F107786}.Release|Any CPU.ActiveCfg = Release|Any CPU
		{994936C3-16E0-41EC-B72A-9C785F107786}.Release|Any CPU.Build.0 = Release|Any CPU
	EndGlobalSection
	GlobalSection(SolutionProperties) = preSolution
		HideSolutionNode = FALSE
	EndGlobalSection
	GlobalSection(ExtensibilityGlobals) = postSolution
		SolutionGuid = {B06EACB8-870A-49EE-A35D-81D107AC7593}
	EndGlobalSection
EndGlobal
