
Microsoft Visual Studio Solution File, Format Version 12.00
# Visual Studio 15
VisualStudioVersion = 15.0.28307.489
MinimumVisualStudioVersion = 10.0.40219.1
Project("{FAE04EC0-301F-11D3-BF4B-00C04F79EFBC}") = "Cw_06", "Cw_06.csproj", "{32E94CFA-C920-4548-96D1-33CC49CD7D5F}"
EndProject
Global
	GlobalSection(SolutionConfigurationPlatforms) = preSolution
		Debug|Any CPU = Debug|Any CPU
		Release|Any CPU = Release|Any CPU
	EndGlobalSection
	GlobalSection(ProjectConfigurationPlatforms) = postSolution
		{32E94CFA-C920-4548-96D1-33CC49CD7D5F}.Debug|Any CPU.ActiveCfg = Debug|Any CPU
		{32E94CFA-C920-4548-96D1-33CC49CD7D5F}.Debug|Any CPU.Build.0 = Debug|Any CPU
		{32E94CFA-C920-4548-96D1-33CC49CD7D5F}.Release|Any CPU.ActiveCfg = Release|Any CPU
		{32E94CFA-C920-4548-96D1-33CC49CD7D5F}.Release|Any CPU.Build.0 = Release|Any CPU
	EndGlobalSection
	GlobalSection(SolutionProperties) = preSolution
		HideSolutionNode = FALSE
	EndGlobalSection
	GlobalSection(ExtensibilityGlobals) = postSolution
		SolutionGuid = {257A02A3-B8D5-4C31-9722-CED35936F034}
	EndGlobalSection
EndGlobal
