
Microsoft Visual Studio Solution File, Format Version 12.00
# Visual Studio 15
VisualStudioVersion = 15.0.28307.489
MinimumVisualStudioVersion = 10.0.40219.1
Project("{FAE04EC0-301F-11D3-BF4B-00C04F79EFBC}") = "Cw_05", "Cw_05.csproj", "{AE428062-B076-45A1-AF62-B6B09F04EF32}"
EndProject
Global
	GlobalSection(SolutionConfigurationPlatforms) = preSolution
		Debug|Any CPU = Debug|Any CPU
		Release|Any CPU = Release|Any CPU
	EndGlobalSection
	GlobalSection(ProjectConfigurationPlatforms) = postSolution
		{AE428062-B076-45A1-AF62-B6B09F04EF32}.Debug|Any CPU.ActiveCfg = Debug|Any CPU
		{AE428062-B076-45A1-AF62-B6B09F04EF32}.Debug|Any CPU.Build.0 = Debug|Any CPU
		{AE428062-B076-45A1-AF62-B6B09F04EF32}.Release|Any CPU.ActiveCfg = Release|Any CPU
		{AE428062-B076-45A1-AF62-B6B09F04EF32}.Release|Any CPU.Build.0 = Release|Any CPU
	EndGlobalSection
	GlobalSection(SolutionProperties) = preSolution
		HideSolutionNode = FALSE
	EndGlobalSection
	GlobalSection(ExtensibilityGlobals) = postSolution
		SolutionGuid = {F24FF08A-045F-4332-8C60-8BD41E671D0E}
	EndGlobalSection
EndGlobal
